
Microsoft Visual Studio Solution File, Format Version 12.00
# Visual Studio 15
VisualStudioVersion = 15.0.26124.0
MinimumVisualStudioVersion = 15.0.26124.0
Project("{FAE04EC0-301F-11D3-BF4B-00C04F79EFBC}") = "EPIProblems", "EPIProblems\EPIProblems.csproj", "{31D1C73B-8F5A-424D-980C-8B141C912DCA}"
EndProject
Project("{FAE04EC0-301F-11D3-BF4B-00C04F79EFBC}") = "EPIUnitTests", "EPIUnitTests\EPIUnitTests.csproj", "{F350265D-5BED-456F-8920-A913DA20D03F}"
EndProject